// !$*UTF8*$!
{
	archiveVersion = 1;
	classes = {
	};
	objectVersion = 50;
	objects = {

/* Begin PBXBuildFile section */
		CE1759742609A4DC007AFDCA /* LampViewController.swift in Sources */ = {isa = PBXBuildFile; fileRef = CE1759732609A4DC007AFDCA /* LampViewController.swift */; };
		CE17597C2609A506007AFDCA /* LampView.swift in Sources */ = {isa = PBXBuildFile; fileRef = CE17597B2609A506007AFDCA /* LampView.swift */; };
		CE1759812609A548007AFDCA /* LampInteractor.swift in Sources */ = {isa = PBXBuildFile; fileRef = CE1759802609A548007AFDCA /* LampInteractor.swift */; };
		CE1759892609A550007AFDCA /* LampPresenter.swift in Sources */ = {isa = PBXBuildFile; fileRef = CE1759882609A550007AFDCA /* LampPresenter.swift */; };
		CE17598E2609A555007AFDCA /* LampRouter.swift in Sources */ = {isa = PBXBuildFile; fileRef = CE17598D2609A555007AFDCA /* LampRouter.swift */; };
		CE1759962609A6E8007AFDCA /* LampScreenAssembly.swift in Sources */ = {isa = PBXBuildFile; fileRef = CE1759952609A6E8007AFDCA /* LampScreenAssembly.swift */; };
		CE2FB90A260A076C00D084BC /* CustomSlider.swift in Sources */ = {isa = PBXBuildFile; fileRef = CE2FB909260A076C00D084BC /* CustomSlider.swift */; };
		CE54A5722605E0F400352C46 /* AppDelegate.swift in Sources */ = {isa = PBXBuildFile; fileRef = CE54A5712605E0F400352C46 /* AppDelegate.swift */; };
		CE54A5742605E0F400352C46 /* SceneDelegate.swift in Sources */ = {isa = PBXBuildFile; fileRef = CE54A5732605E0F400352C46 /* SceneDelegate.swift */; };
		CE54A5762605E0F400352C46 /* MainViewController.swift in Sources */ = {isa = PBXBuildFile; fileRef = CE54A5752605E0F400352C46 /* MainViewController.swift */; };
		CE54A57B2605E0F500352C46 /* Assets.xcassets in Resources */ = {isa = PBXBuildFile; fileRef = CE54A57A2605E0F500352C46 /* Assets.xcassets */; };
		CE54A57E2605E0F500352C46 /* LaunchScreen.storyboard in Resources */ = {isa = PBXBuildFile; fileRef = CE54A57C2605E0F500352C46 /* LaunchScreen.storyboard */; };
		CE54A5892605E0F500352C46 /* Smart_Home_AppTests.swift in Sources */ = {isa = PBXBuildFile; fileRef = CE54A5882605E0F500352C46 /* Smart_Home_AppTests.swift */; };
		CE54A5942605E0F500352C46 /* Smart_Home_AppUITests.swift in Sources */ = {isa = PBXBuildFile; fileRef = CE54A5932605E0F500352C46 /* Smart_Home_AppUITests.swift */; };
		CE54A5B42605E15300352C46 /* MainScreenAssembly.swift in Sources */ = {isa = PBXBuildFile; fileRef = CE54A5B32605E15200352C46 /* MainScreenAssembly.swift */; };
		CE54A5BC2605E18D00352C46 /* NavigationControllerAssembly.swift in Sources */ = {isa = PBXBuildFile; fileRef = CE54A5BB2605E18D00352C46 /* NavigationControllerAssembly.swift */; };
		CE54A5C12605E1D600352C46 /* TabBarControllerAssembly.swift in Sources */ = {isa = PBXBuildFile; fileRef = CE54A5C02605E1D600352C46 /* TabBarControllerAssembly.swift */; };
		CE83062526083CE7005CE030 /* AirConditioner.swift in Sources */ = {isa = PBXBuildFile; fileRef = CE83062426083CE7005CE030 /* AirConditioner.swift */; };
		CE83062A260841AF005CE030 /* TemperatureUnit.swift in Sources */ = {isa = PBXBuildFile; fileRef = CE830629260841AF005CE030 /* TemperatureUnit.swift */; };
		CE83062F260848EF005CE030 /* Curtains.swift in Sources */ = {isa = PBXBuildFile; fileRef = CE83062E260848EF005CE030 /* Curtains.swift */; };
		CE83063726084DD8005CE030 /* Ventilator.swift in Sources */ = {isa = PBXBuildFile; fileRef = CE83063626084DD8005CE030 /* Ventilator.swift */; };
		CE83064626085115005CE030 /* GarageDoor.swift in Sources */ = {isa = PBXBuildFile; fileRef = CE83064526085115005CE030 /* GarageDoor.swift */; };
		CE83064B26085533005CE030 /* IrrigationSystem.swift in Sources */ = {isa = PBXBuildFile; fileRef = CE83064A26085533005CE030 /* IrrigationSystem.swift */; };
		CEBBF7BC2606EDFE00BD9F13 /* MainView.swift in Sources */ = {isa = PBXBuildFile; fileRef = CEBBF7BB2606EDFE00BD9F13 /* MainView.swift */; };
		CEBBF7C12606EE0500BD9F13 /* MainPresenter.swift in Sources */ = {isa = PBXBuildFile; fileRef = CEBBF7C02606EE0500BD9F13 /* MainPresenter.swift */; };
		CEBBF7C62606EE0C00BD9F13 /* MainInteractor.swift in Sources */ = {isa = PBXBuildFile; fileRef = CEBBF7C52606EE0C00BD9F13 /* MainInteractor.swift */; };
		CEBBF7CB2606EE1100BD9F13 /* MainRouter.swift in Sources */ = {isa = PBXBuildFile; fileRef = CEBBF7CA2606EE1100BD9F13 /* MainRouter.swift */; };
		CEBBF7D02606F08B00BD9F13 /* SmartHomeDeviceCollectionViewCell.swift in Sources */ = {isa = PBXBuildFile; fileRef = CEBBF7CF2606F08B00BD9F13 /* SmartHomeDeviceCollectionViewCell.swift */; };
		CEBE41D92606F2FD00E370AB /* AppConstants.swift in Sources */ = {isa = PBXBuildFile; fileRef = CEBE41D82606F2FD00E370AB /* AppConstants.swift */; };
		CEBE41E12606F3B100E370AB /* SmartHomeItemCollectionViewDataSource.swift in Sources */ = {isa = PBXBuildFile; fileRef = CEBE41E02606F3B100E370AB /* SmartHomeItemCollectionViewDataSource.swift */; };
		CEBE41E62606F3CD00E370AB /* SmartHomeItemCollectionViewDelegate.swift in Sources */ = {isa = PBXBuildFile; fileRef = CEBE41E52606F3CD00E370AB /* SmartHomeItemCollectionViewDelegate.swift */; };
		CEBE41F32606F52500E370AB /* SmartHomeDevice.swift in Sources */ = {isa = PBXBuildFile; fileRef = CEBE41F22606F52500E370AB /* SmartHomeDevice.swift */; };
		CEBE41F82606F87D00E370AB /* Lamp.swift in Sources */ = {isa = PBXBuildFile; fileRef = CEBE41F72606F87D00E370AB /* Lamp.swift */; };
		CEBE4209260706AC00E370AB /* ElectricalSocket.swift in Sources */ = {isa = PBXBuildFile; fileRef = CEBE4208260706AC00E370AB /* ElectricalSocket.swift */; };
		CEE811DA260D7BDC00BB8DFD /* ColorChooserView.swift in Sources */ = {isa = PBXBuildFile; fileRef = CEE811D9260D7BDC00BB8DFD /* ColorChooserView.swift */; };
		CEE811E4260D7DDF00BB8DFD /* ColorChooserViewController.swift in Sources */ = {isa = PBXBuildFile; fileRef = CEE811E3260D7DDF00BB8DFD /* ColorChooserViewController.swift */; };
		CEE811E9260D7DE800BB8DFD /* ColorChooserPresenter.swift in Sources */ = {isa = PBXBuildFile; fileRef = CEE811E8260D7DE800BB8DFD /* ColorChooserPresenter.swift */; };
		CEE811EE260D7DEE00BB8DFD /* ColorChooserInteractor.swift in Sources */ = {isa = PBXBuildFile; fileRef = CEE811ED260D7DEE00BB8DFD /* ColorChooserInteractor.swift */; };
		CEE811F3260D7DF300BB8DFD /* ColorChooserRouter.swift in Sources */ = {isa = PBXBuildFile; fileRef = CEE811F2260D7DF300BB8DFD /* ColorChooserRouter.swift */; };
		CEE811F8260D7F7900BB8DFD /* ColorChooserAssembly.swift in Sources */ = {isa = PBXBuildFile; fileRef = CEE811F7260D7F7900BB8DFD /* ColorChooserAssembly.swift */; };
		CEE81203260D83DD00BB8DFD /* ColorItemCollectionViewCell.swift in Sources */ = {isa = PBXBuildFile; fileRef = CEE81202260D83DD00BB8DFD /* ColorItemCollectionViewCell.swift */; };
		CEE8120A260D86A800BB8DFD /* ColorItemCollectionViewDelegate.swift in Sources */ = {isa = PBXBuildFile; fileRef = CEE81209260D86A800BB8DFD /* ColorItemCollectionViewDelegate.swift */; };
		CEE81212260D86AF00BB8DFD /* ColorItemCollectionViewDataSource.swift in Sources */ = {isa = PBXBuildFile; fileRef = CEE81211260D86AF00BB8DFD /* ColorItemCollectionViewDataSource.swift */; };
		CEE81217260D87A600BB8DFD /* ICustomCollectionViewDelegate.swift in Sources */ = {isa = PBXBuildFile; fileRef = CEE81216260D87A600BB8DFD /* ICustomCollectionViewDelegate.swift */; };
/* End PBXBuildFile section */

/* Begin PBXContainerItemProxy section */
		CE54A5852605E0F500352C46 /* PBXContainerItemProxy */ = {
			isa = PBXContainerItemProxy;
			containerPortal = CE54A5662605E0F400352C46 /* Project object */;
			proxyType = 1;
			remoteGlobalIDString = CE54A56D2605E0F400352C46;
			remoteInfo = "Smart Home App";
		};
		CE54A5902605E0F500352C46 /* PBXContainerItemProxy */ = {
			isa = PBXContainerItemProxy;
			containerPortal = CE54A5662605E0F400352C46 /* Project object */;
			proxyType = 1;
			remoteGlobalIDString = CE54A56D2605E0F400352C46;
			remoteInfo = "Smart Home App";
		};
/* End PBXContainerItemProxy section */

/* Begin PBXFileReference section */
		CE1759732609A4DC007AFDCA /* LampViewController.swift */ = {isa = PBXFileReference; lastKnownFileType = sourcecode.swift; path = LampViewController.swift; sourceTree = "<group>"; };
		CE17597B2609A506007AFDCA /* LampView.swift */ = {isa = PBXFileReference; lastKnownFileType = sourcecode.swift; path = LampView.swift; sourceTree = "<group>"; };
		CE1759802609A548007AFDCA /* LampInteractor.swift */ = {isa = PBXFileReference; lastKnownFileType = sourcecode.swift; path = LampInteractor.swift; sourceTree = "<group>"; };
		CE1759882609A550007AFDCA /* LampPresenter.swift */ = {isa = PBXFileReference; lastKnownFileType = sourcecode.swift; path = LampPresenter.swift; sourceTree = "<group>"; };
		CE17598D2609A555007AFDCA /* LampRouter.swift */ = {isa = PBXFileReference; lastKnownFileType = sourcecode.swift; path = LampRouter.swift; sourceTree = "<group>"; };
		CE1759952609A6E8007AFDCA /* LampScreenAssembly.swift */ = {isa = PBXFileReference; lastKnownFileType = sourcecode.swift; path = LampScreenAssembly.swift; sourceTree = "<group>"; };
		CE2FB909260A076C00D084BC /* CustomSlider.swift */ = {isa = PBXFileReference; lastKnownFileType = sourcecode.swift; path = CustomSlider.swift; sourceTree = "<group>"; };
		CE54A56E2605E0F400352C46 /* Smart Home App.app */ = {isa = PBXFileReference; explicitFileType = wrapper.application; includeInIndex = 0; path = "Smart Home App.app"; sourceTree = BUILT_PRODUCTS_DIR; };
		CE54A5712605E0F400352C46 /* AppDelegate.swift */ = {isa = PBXFileReference; lastKnownFileType = sourcecode.swift; path = AppDelegate.swift; sourceTree = "<group>"; };
		CE54A5732605E0F400352C46 /* SceneDelegate.swift */ = {isa = PBXFileReference; lastKnownFileType = sourcecode.swift; path = SceneDelegate.swift; sourceTree = "<group>"; };
		CE54A5752605E0F400352C46 /* MainViewController.swift */ = {isa = PBXFileReference; lastKnownFileType = sourcecode.swift; path = MainViewController.swift; sourceTree = "<group>"; };
		CE54A57A2605E0F500352C46 /* Assets.xcassets */ = {isa = PBXFileReference; lastKnownFileType = folder.assetcatalog; path = Assets.xcassets; sourceTree = "<group>"; };
		CE54A57D2605E0F500352C46 /* Base */ = {isa = PBXFileReference; lastKnownFileType = file.storyboard; name = Base; path = Base.lproj/LaunchScreen.storyboard; sourceTree = "<group>"; };
		CE54A57F2605E0F500352C46 /* Info.plist */ = {isa = PBXFileReference; lastKnownFileType = text.plist.xml; path = Info.plist; sourceTree = "<group>"; };
		CE54A5842605E0F500352C46 /* Smart Home AppTests.xctest */ = {isa = PBXFileReference; explicitFileType = wrapper.cfbundle; includeInIndex = 0; path = "Smart Home AppTests.xctest"; sourceTree = BUILT_PRODUCTS_DIR; };
		CE54A5882605E0F500352C46 /* Smart_Home_AppTests.swift */ = {isa = PBXFileReference; lastKnownFileType = sourcecode.swift; path = Smart_Home_AppTests.swift; sourceTree = "<group>"; };
		CE54A58A2605E0F500352C46 /* Info.plist */ = {isa = PBXFileReference; lastKnownFileType = text.plist.xml; path = Info.plist; sourceTree = "<group>"; };
		CE54A58F2605E0F500352C46 /* Smart Home AppUITests.xctest */ = {isa = PBXFileReference; explicitFileType = wrapper.cfbundle; includeInIndex = 0; path = "Smart Home AppUITests.xctest"; sourceTree = BUILT_PRODUCTS_DIR; };
		CE54A5932605E0F500352C46 /* Smart_Home_AppUITests.swift */ = {isa = PBXFileReference; lastKnownFileType = sourcecode.swift; path = Smart_Home_AppUITests.swift; sourceTree = "<group>"; };
		CE54A5952605E0F500352C46 /* Info.plist */ = {isa = PBXFileReference; lastKnownFileType = text.plist.xml; path = Info.plist; sourceTree = "<group>"; };
		CE54A5B32605E15200352C46 /* MainScreenAssembly.swift */ = {isa = PBXFileReference; lastKnownFileType = sourcecode.swift; path = MainScreenAssembly.swift; sourceTree = "<group>"; };
		CE54A5BB2605E18D00352C46 /* NavigationControllerAssembly.swift */ = {isa = PBXFileReference; lastKnownFileType = sourcecode.swift; path = NavigationControllerAssembly.swift; sourceTree = "<group>"; };
		CE54A5C02605E1D600352C46 /* TabBarControllerAssembly.swift */ = {isa = PBXFileReference; lastKnownFileType = sourcecode.swift; path = TabBarControllerAssembly.swift; sourceTree = "<group>"; };
		CE83062426083CE7005CE030 /* AirConditioner.swift */ = {isa = PBXFileReference; lastKnownFileType = sourcecode.swift; path = AirConditioner.swift; sourceTree = "<group>"; };
		CE830629260841AF005CE030 /* TemperatureUnit.swift */ = {isa = PBXFileReference; lastKnownFileType = sourcecode.swift; path = TemperatureUnit.swift; sourceTree = "<group>"; };
		CE83062E260848EF005CE030 /* Curtains.swift */ = {isa = PBXFileReference; lastKnownFileType = sourcecode.swift; path = Curtains.swift; sourceTree = "<group>"; };
		CE83063626084DD8005CE030 /* Ventilator.swift */ = {isa = PBXFileReference; lastKnownFileType = sourcecode.swift; path = Ventilator.swift; sourceTree = "<group>"; };
		CE83064526085115005CE030 /* GarageDoor.swift */ = {isa = PBXFileReference; lastKnownFileType = sourcecode.swift; path = GarageDoor.swift; sourceTree = "<group>"; };
		CE83064A26085533005CE030 /* IrrigationSystem.swift */ = {isa = PBXFileReference; lastKnownFileType = sourcecode.swift; path = IrrigationSystem.swift; sourceTree = "<group>"; };
		CEBBF7BB2606EDFE00BD9F13 /* MainView.swift */ = {isa = PBXFileReference; lastKnownFileType = sourcecode.swift; path = MainView.swift; sourceTree = "<group>"; };
		CEBBF7C02606EE0500BD9F13 /* MainPresenter.swift */ = {isa = PBXFileReference; lastKnownFileType = sourcecode.swift; path = MainPresenter.swift; sourceTree = "<group>"; };
		CEBBF7C52606EE0C00BD9F13 /* MainInteractor.swift */ = {isa = PBXFileReference; lastKnownFileType = sourcecode.swift; path = MainInteractor.swift; sourceTree = "<group>"; };
		CEBBF7CA2606EE1100BD9F13 /* MainRouter.swift */ = {isa = PBXFileReference; lastKnownFileType = sourcecode.swift; path = MainRouter.swift; sourceTree = "<group>"; };
		CEBBF7CF2606F08B00BD9F13 /* SmartHomeDeviceCollectionViewCell.swift */ = {isa = PBXFileReference; lastKnownFileType = sourcecode.swift; path = SmartHomeDeviceCollectionViewCell.swift; sourceTree = "<group>"; };
		CEBE41D82606F2FD00E370AB /* AppConstants.swift */ = {isa = PBXFileReference; lastKnownFileType = sourcecode.swift; path = AppConstants.swift; sourceTree = "<group>"; };
		CEBE41E02606F3B100E370AB /* SmartHomeItemCollectionViewDataSource.swift */ = {isa = PBXFileReference; lastKnownFileType = sourcecode.swift; path = SmartHomeItemCollectionViewDataSource.swift; sourceTree = "<group>"; };
		CEBE41E52606F3CD00E370AB /* SmartHomeItemCollectionViewDelegate.swift */ = {isa = PBXFileReference; lastKnownFileType = sourcecode.swift; path = SmartHomeItemCollectionViewDelegate.swift; sourceTree = "<group>"; };
		CEBE41F22606F52500E370AB /* SmartHomeDevice.swift */ = {isa = PBXFileReference; lastKnownFileType = sourcecode.swift; path = SmartHomeDevice.swift; sourceTree = "<group>"; };
		CEBE41F72606F87D00E370AB /* Lamp.swift */ = {isa = PBXFileReference; lastKnownFileType = sourcecode.swift; path = Lamp.swift; sourceTree = "<group>"; };
		CEBE4208260706AC00E370AB /* ElectricalSocket.swift */ = {isa = PBXFileReference; lastKnownFileType = sourcecode.swift; path = ElectricalSocket.swift; sourceTree = "<group>"; };
		CEE811D9260D7BDC00BB8DFD /* ColorChooserView.swift */ = {isa = PBXFileReference; lastKnownFileType = sourcecode.swift; path = ColorChooserView.swift; sourceTree = "<group>"; };
		CEE811E3260D7DDF00BB8DFD /* ColorChooserViewController.swift */ = {isa = PBXFileReference; lastKnownFileType = sourcecode.swift; path = ColorChooserViewController.swift; sourceTree = "<group>"; };
		CEE811E8260D7DE800BB8DFD /* ColorChooserPresenter.swift */ = {isa = PBXFileReference; lastKnownFileType = sourcecode.swift; path = ColorChooserPresenter.swift; sourceTree = "<group>"; };
		CEE811ED260D7DEE00BB8DFD /* ColorChooserInteractor.swift */ = {isa = PBXFileReference; lastKnownFileType = sourcecode.swift; path = ColorChooserInteractor.swift; sourceTree = "<group>"; };
		CEE811F2260D7DF300BB8DFD /* ColorChooserRouter.swift */ = {isa = PBXFileReference; lastKnownFileType = sourcecode.swift; path = ColorChooserRouter.swift; sourceTree = "<group>"; };
		CEE811F7260D7F7900BB8DFD /* ColorChooserAssembly.swift */ = {isa = PBXFileReference; lastKnownFileType = sourcecode.swift; path = ColorChooserAssembly.swift; sourceTree = "<group>"; };
		CEE81202260D83DD00BB8DFD /* ColorItemCollectionViewCell.swift */ = {isa = PBXFileReference; lastKnownFileType = sourcecode.swift; path = ColorItemCollectionViewCell.swift; sourceTree = "<group>"; };
		CEE81209260D86A800BB8DFD /* ColorItemCollectionViewDelegate.swift */ = {isa = PBXFileReference; lastKnownFileType = sourcecode.swift; path = ColorItemCollectionViewDelegate.swift; sourceTree = "<group>"; };
		CEE81211260D86AF00BB8DFD /* ColorItemCollectionViewDataSource.swift */ = {isa = PBXFileReference; lastKnownFileType = sourcecode.swift; path = ColorItemCollectionViewDataSource.swift; sourceTree = "<group>"; };
		CEE81216260D87A600BB8DFD /* ICustomCollectionViewDelegate.swift */ = {isa = PBXFileReference; lastKnownFileType = sourcecode.swift; path = ICustomCollectionViewDelegate.swift; sourceTree = "<group>"; };
/* End PBXFileReference section */

/* Begin PBXFrameworksBuildPhase section */
		CE54A56B2605E0F400352C46 /* Frameworks */ = {
			isa = PBXFrameworksBuildPhase;
			buildActionMask = 2147483647;
			files = (
			);
			runOnlyForDeploymentPostprocessing = 0;
		};
		CE54A5812605E0F500352C46 /* Frameworks */ = {
			isa = PBXFrameworksBuildPhase;
			buildActionMask = 2147483647;
			files = (
			);
			runOnlyForDeploymentPostprocessing = 0;
		};
		CE54A58C2605E0F500352C46 /* Frameworks */ = {
			isa = PBXFrameworksBuildPhase;
			buildActionMask = 2147483647;
			files = (
			);
			runOnlyForDeploymentPostprocessing = 0;
		};
/* End PBXFrameworksBuildPhase section */

/* Begin PBXGroup section */
		CE1759672609A4BD007AFDCA /* Screens */ = {
			isa = PBXGroup;
			children = (
				CE54A5AB2605E12800352C46 /* Main Screen */,
				CE17596B2609A4C6007AFDCA /* Lamp Screen */,
				CEE811DE260D7DA000BB8DFD /* ColorChooser Screen */,
			);
			path = Screens;
			sourceTree = "<group>";
		};
		CE17596B2609A4C6007AFDCA /* Lamp Screen */ = {
			isa = PBXGroup;
			children = (
				CE1759722609A4CE007AFDCA /* Views */,
				CE1759732609A4DC007AFDCA /* LampViewController.swift */,
				CE1759882609A550007AFDCA /* LampPresenter.swift */,
				CE1759802609A548007AFDCA /* LampInteractor.swift */,
				CE17598D2609A555007AFDCA /* LampRouter.swift */,
			);
			path = "Lamp Screen";
			sourceTree = "<group>";
		};
		CE1759722609A4CE007AFDCA /* Views */ = {
			isa = PBXGroup;
			children = (
				CE17597B2609A506007AFDCA /* LampView.swift */,
			);
			path = Views;
			sourceTree = "<group>";
		};
		CE54A5652605E0F400352C46 = {
			isa = PBXGroup;
			children = (
				CE54A5702605E0F400352C46 /* Smart Home App */,
				CE54A5872605E0F500352C46 /* Smart Home AppTests */,
				CE54A5922605E0F500352C46 /* Smart Home AppUITests */,
				CE54A56F2605E0F400352C46 /* Products */,
			);
			sourceTree = "<group>";
		};
		CE54A56F2605E0F400352C46 /* Products */ = {
			isa = PBXGroup;
			children = (
				CE54A56E2605E0F400352C46 /* Smart Home App.app */,
				CE54A5842605E0F500352C46 /* Smart Home AppTests.xctest */,
				CE54A58F2605E0F500352C46 /* Smart Home AppUITests.xctest */,
			);
			name = Products;
			sourceTree = "<group>";
		};
		CE54A5702605E0F400352C46 /* Smart Home App */ = {
			isa = PBXGroup;
			children = (
				CE54A5B22605E14500352C46 /* Assembly */,
				CE54A5A72605E11F00352C46 /* App */,
				CEBBF7D42606F09000BD9F13 /* Views */,
				CEBE41F12606F51400E370AB /* Entities */,
				CEBE41D72606F2EE00E370AB /* Model */,
				CE1759672609A4BD007AFDCA /* Screens */,
				CE54A5CB2605E4FC00352C46 /* Resources */,
			);
			path = "Smart Home App";
			sourceTree = "<group>";
		};
		CE54A5872605E0F500352C46 /* Smart Home AppTests */ = {
			isa = PBXGroup;
			children = (
				CE54A5882605E0F500352C46 /* Smart_Home_AppTests.swift */,
				CE54A58A2605E0F500352C46 /* Info.plist */,
			);
			path = "Smart Home AppTests";
			sourceTree = "<group>";
		};
		CE54A5922605E0F500352C46 /* Smart Home AppUITests */ = {
			isa = PBXGroup;
			children = (
				CE54A5932605E0F500352C46 /* Smart_Home_AppUITests.swift */,
				CE54A5952605E0F500352C46 /* Info.plist */,
			);
			path = "Smart Home AppUITests";
			sourceTree = "<group>";
		};
		CE54A5A72605E11F00352C46 /* App */ = {
			isa = PBXGroup;
			children = (
				CE54A5712605E0F400352C46 /* AppDelegate.swift */,
				CE54A5732605E0F400352C46 /* SceneDelegate.swift */,
			);
			path = App;
			sourceTree = "<group>";
		};
		CE54A5AB2605E12800352C46 /* Main Screen */ = {
			isa = PBXGroup;
			children = (
				CEBBF7BA2606EDF600BD9F13 /* Views */,
				CE54A5752605E0F400352C46 /* MainViewController.swift */,
				CEBBF7C02606EE0500BD9F13 /* MainPresenter.swift */,
				CEBBF7C52606EE0C00BD9F13 /* MainInteractor.swift */,
				CEBBF7CA2606EE1100BD9F13 /* MainRouter.swift */,
			);
			path = "Main Screen";
			sourceTree = "<group>";
		};
		CE54A5B22605E14500352C46 /* Assembly */ = {
			isa = PBXGroup;
			children = (
				CE54A5C02605E1D600352C46 /* TabBarControllerAssembly.swift */,
				CE54A5B32605E15200352C46 /* MainScreenAssembly.swift */,
				CE54A5BB2605E18D00352C46 /* NavigationControllerAssembly.swift */,
				CE1759952609A6E8007AFDCA /* LampScreenAssembly.swift */,
				CEE811F7260D7F7900BB8DFD /* ColorChooserAssembly.swift */,
			);
			path = Assembly;
			sourceTree = "<group>";
		};
		CE54A5CB2605E4FC00352C46 /* Resources */ = {
			isa = PBXGroup;
			children = (
				CE54A57A2605E0F500352C46 /* Assets.xcassets */,
				CE54A57C2605E0F500352C46 /* LaunchScreen.storyboard */,
				CE54A57F2605E0F500352C46 /* Info.plist */,
			);
			path = Resources;
			sourceTree = "<group>";
		};
		CE8306412608502F005CE030 /* SmartHomeDevices */ = {
			isa = PBXGroup;
			children = (
				CEBE41F22606F52500E370AB /* SmartHomeDevice.swift */,
				CEBE41F72606F87D00E370AB /* Lamp.swift */,
				CEBE4208260706AC00E370AB /* ElectricalSocket.swift */,
				CE83062426083CE7005CE030 /* AirConditioner.swift */,
				CE83062E260848EF005CE030 /* Curtains.swift */,
				CE83063626084DD8005CE030 /* Ventilator.swift */,
				CE83064526085115005CE030 /* GarageDoor.swift */,
				CE83064A26085533005CE030 /* IrrigationSystem.swift */,
			);
			path = SmartHomeDevices;
			sourceTree = "<group>";
		};
		CEBBF7BA2606EDF600BD9F13 /* Views */ = {
			isa = PBXGroup;
			children = (
				CEBBF7BB2606EDFE00BD9F13 /* MainView.swift */,
			);
			path = Views;
			sourceTree = "<group>";
		};
		CEBBF7D42606F09000BD9F13 /* Views */ = {
			isa = PBXGroup;
			children = (
				CEBBF7CF2606F08B00BD9F13 /* SmartHomeDeviceCollectionViewCell.swift */,
				CE2FB909260A076C00D084BC /* CustomSlider.swift */,
				CEE81202260D83DD00BB8DFD /* ColorItemCollectionViewCell.swift */,
			);
			path = Views;
			sourceTree = "<group>";
		};
		CEBE41D72606F2EE00E370AB /* Model */ = {
			isa = PBXGroup;
			children = (
				CEBE41D82606F2FD00E370AB /* AppConstants.swift */,
				CEBE41EA2606F3F700E370AB /* SmartHomeItemsCollectionViewModel */,
				CEE81208260D869A00BB8DFD /* ColorItemCollectionViewModel */,
				CEE8121B260D87A900BB8DFD /* Protocols */,
			);
			path = Model;
			sourceTree = "<group>";
		};
		CEBE41EA2606F3F700E370AB /* SmartHomeItemsCollectionViewModel */ = {
			isa = PBXGroup;
			children = (
				CEBE41E02606F3B100E370AB /* SmartHomeItemCollectionViewDataSource.swift */,
				CEBE41E52606F3CD00E370AB /* SmartHomeItemCollectionViewDelegate.swift */,
			);
			path = SmartHomeItemsCollectionViewModel;
			sourceTree = "<group>";
		};
		CEBE41F12606F51400E370AB /* Entities */ = {
			isa = PBXGroup;
			children = (
				CE8306412608502F005CE030 /* SmartHomeDevices */,
				CE830629260841AF005CE030 /* TemperatureUnit.swift */,
			);
			path = Entities;
			sourceTree = "<group>";
		};
		CEE811DE260D7DA000BB8DFD /* ColorChooser Screen */ = {
			isa = PBXGroup;
			children = (
				CEE811DF260D7DA900BB8DFD /* Views */,
				CEE811E3260D7DDF00BB8DFD /* ColorChooserViewController.swift */,
				CEE811E8260D7DE800BB8DFD /* ColorChooserPresenter.swift */,
				CEE811ED260D7DEE00BB8DFD /* ColorChooserInteractor.swift */,
				CEE811F2260D7DF300BB8DFD /* ColorChooserRouter.swift */,
			);
			path = "ColorChooser Screen";
			sourceTree = "<group>";
		};
		CEE811DF260D7DA900BB8DFD /* Views */ = {
			isa = PBXGroup;
			children = (
				CEE811D9260D7BDC00BB8DFD /* ColorChooserView.swift */,
			);
			path = Views;
			sourceTree = "<group>";
		};
		CEE81208260D869A00BB8DFD /* ColorItemCollectionViewModel */ = {
			isa = PBXGroup;
			children = (
				CEE81209260D86A800BB8DFD /* ColorItemCollectionViewDelegate.swift */,
				CEE81211260D86AF00BB8DFD /* ColorItemCollectionViewDataSource.swift */,
			);
			path = ColorItemCollectionViewModel;
			sourceTree = "<group>";
		};
		CEE8121B260D87A900BB8DFD /* Protocols */ = {
			isa = PBXGroup;
			children = (
				CEE81216260D87A600BB8DFD /* ICustomCollectionViewDelegate.swift */,
			);
			path = Protocols;
			sourceTree = "<group>";
		};
/* End PBXGroup section */

/* Begin PBXNativeTarget section */
		CE54A56D2605E0F400352C46 /* Smart Home App */ = {
			isa = PBXNativeTarget;
			buildConfigurationList = CE54A5982605E0F500352C46 /* Build configuration list for PBXNativeTarget "Smart Home App" */;
			buildPhases = (
				CE54A56A2605E0F400352C46 /* Sources */,
				CE54A56B2605E0F400352C46 /* Frameworks */,
				CE54A56C2605E0F400352C46 /* Resources */,
			);
			buildRules = (
			);
			dependencies = (
			);
			name = "Smart Home App";
			productName = "Smart Home App";
			productReference = CE54A56E2605E0F400352C46 /* Smart Home App.app */;
			productType = "com.apple.product-type.application";
		};
		CE54A5832605E0F500352C46 /* Smart Home AppTests */ = {
			isa = PBXNativeTarget;
			buildConfigurationList = CE54A59B2605E0F500352C46 /* Build configuration list for PBXNativeTarget "Smart Home AppTests" */;
			buildPhases = (
				CE54A5802605E0F500352C46 /* Sources */,
				CE54A5812605E0F500352C46 /* Frameworks */,
				CE54A5822605E0F500352C46 /* Resources */,
			);
			buildRules = (
			);
			dependencies = (
				CE54A5862605E0F500352C46 /* PBXTargetDependency */,
			);
			name = "Smart Home AppTests";
			productName = "Smart Home AppTests";
			productReference = CE54A5842605E0F500352C46 /* Smart Home AppTests.xctest */;
			productType = "com.apple.product-type.bundle.unit-test";
		};
		CE54A58E2605E0F500352C46 /* Smart Home AppUITests */ = {
			isa = PBXNativeTarget;
			buildConfigurationList = CE54A59E2605E0F500352C46 /* Build configuration list for PBXNativeTarget "Smart Home AppUITests" */;
			buildPhases = (
				CE54A58B2605E0F500352C46 /* Sources */,
				CE54A58C2605E0F500352C46 /* Frameworks */,
				CE54A58D2605E0F500352C46 /* Resources */,
			);
			buildRules = (
			);
			dependencies = (
				CE54A5912605E0F500352C46 /* PBXTargetDependency */,
			);
			name = "Smart Home AppUITests";
			productName = "Smart Home AppUITests";
			productReference = CE54A58F2605E0F500352C46 /* Smart Home AppUITests.xctest */;
			productType = "com.apple.product-type.bundle.ui-testing";
		};
/* End PBXNativeTarget section */

/* Begin PBXProject section */
		CE54A5662605E0F400352C46 /* Project object */ = {
			isa = PBXProject;
			attributes = {
				LastSwiftUpdateCheck = 1210;
				LastUpgradeCheck = 1210;
				TargetAttributes = {
					CE54A56D2605E0F400352C46 = {
						CreatedOnToolsVersion = 12.1;
					};
					CE54A5832605E0F500352C46 = {
						CreatedOnToolsVersion = 12.1;
						TestTargetID = CE54A56D2605E0F400352C46;
					};
					CE54A58E2605E0F500352C46 = {
						CreatedOnToolsVersion = 12.1;
						TestTargetID = CE54A56D2605E0F400352C46;
					};
				};
			};
			buildConfigurationList = CE54A5692605E0F400352C46 /* Build configuration list for PBXProject "Smart Home App" */;
			compatibilityVersion = "Xcode 9.3";
			developmentRegion = en;
			hasScannedForEncodings = 0;
			knownRegions = (
				en,
				Base,
			);
			mainGroup = CE54A5652605E0F400352C46;
			productRefGroup = CE54A56F2605E0F400352C46 /* Products */;
			projectDirPath = "";
			projectRoot = "";
			targets = (
				CE54A56D2605E0F400352C46 /* Smart Home App */,
				CE54A5832605E0F500352C46 /* Smart Home AppTests */,
				CE54A58E2605E0F500352C46 /* Smart Home AppUITests */,
			);
		};
/* End PBXProject section */

/* Begin PBXResourcesBuildPhase section */
		CE54A56C2605E0F400352C46 /* Resources */ = {
			isa = PBXResourcesBuildPhase;
			buildActionMask = 2147483647;
			files = (
				CE54A57E2605E0F500352C46 /* LaunchScreen.storyboard in Resources */,
				CE54A57B2605E0F500352C46 /* Assets.xcassets in Resources */,
			);
			runOnlyForDeploymentPostprocessing = 0;
		};
		CE54A5822605E0F500352C46 /* Resources */ = {
			isa = PBXResourcesBuildPhase;
			buildActionMask = 2147483647;
			files = (
			);
			runOnlyForDeploymentPostprocessing = 0;
		};
		CE54A58D2605E0F500352C46 /* Resources */ = {
			isa = PBXResourcesBuildPhase;
			buildActionMask = 2147483647;
			files = (
			);
			runOnlyForDeploymentPostprocessing = 0;
		};
/* End PBXResourcesBuildPhase section */

/* Begin PBXSourcesBuildPhase section */
		CE54A56A2605E0F400352C46 /* Sources */ = {
			isa = PBXSourcesBuildPhase;
			buildActionMask = 2147483647;
			files = (
				CEE811DA260D7BDC00BB8DFD /* ColorChooserView.swift in Sources */,
				CE54A5B42605E15300352C46 /* MainScreenAssembly.swift in Sources */,
				CE2FB90A260A076C00D084BC /* CustomSlider.swift in Sources */,
				CEBBF7BC2606EDFE00BD9F13 /* MainView.swift in Sources */,
				CEE811EE260D7DEE00BB8DFD /* ColorChooserInteractor.swift in Sources */,
				CE17597C2609A506007AFDCA /* LampView.swift in Sources */,
				CE83062F260848EF005CE030 /* Curtains.swift in Sources */,
				CEE811E9260D7DE800BB8DFD /* ColorChooserPresenter.swift in Sources */,
				CE1759962609A6E8007AFDCA /* LampScreenAssembly.swift in Sources */,
				CE54A5BC2605E18D00352C46 /* NavigationControllerAssembly.swift in Sources */,
				CE1759742609A4DC007AFDCA /* LampViewController.swift in Sources */,
				CE1759812609A548007AFDCA /* LampInteractor.swift in Sources */,
				CE83064626085115005CE030 /* GarageDoor.swift in Sources */,
				CEE81203260D83DD00BB8DFD /* ColorItemCollectionViewCell.swift in Sources */,
				CEBBF7C12606EE0500BD9F13 /* MainPresenter.swift in Sources */,
				CE1759892609A550007AFDCA /* LampPresenter.swift in Sources */,
				CEE811F3260D7DF300BB8DFD /* ColorChooserRouter.swift in Sources */,
				CE54A5762605E0F400352C46 /* MainViewController.swift in Sources */,
				CEBBF7D02606F08B00BD9F13 /* SmartHomeDeviceCollectionViewCell.swift in Sources */,
				CE83064B26085533005CE030 /* IrrigationSystem.swift in Sources */,
				CEBBF7CB2606EE1100BD9F13 /* MainRouter.swift in Sources */,
				CEBE41F32606F52500E370AB /* SmartHomeDevice.swift in Sources */,
				CEBE41E12606F3B100E370AB /* SmartHomeItemCollectionViewDataSource.swift in Sources */,
				CE83063726084DD8005CE030 /* Ventilator.swift in Sources */,
				CEBE41D92606F2FD00E370AB /* AppConstants.swift in Sources */,
				CE17598E2609A555007AFDCA /* LampRouter.swift in Sources */,
				CEBBF7C62606EE0C00BD9F13 /* MainInteractor.swift in Sources */,
				CE83062526083CE7005CE030 /* AirConditioner.swift in Sources */,
				CEE811E4260D7DDF00BB8DFD /* ColorChooserViewController.swift in Sources */,
				CEE81212260D86AF00BB8DFD /* ColorItemCollectionViewDataSource.swift in Sources */,
				CE83062A260841AF005CE030 /* TemperatureUnit.swift in Sources */,
				CE54A5C12605E1D600352C46 /* TabBarControllerAssembly.swift in Sources */,
				CEBE41E62606F3CD00E370AB /* SmartHomeItemCollectionViewDelegate.swift in Sources */,
				CEE811F8260D7F7900BB8DFD /* ColorChooserAssembly.swift in Sources */,
				CEBE4209260706AC00E370AB /* ElectricalSocket.swift in Sources */,
				CE54A5722605E0F400352C46 /* AppDelegate.swift in Sources */,
				CEE81217260D87A600BB8DFD /* ICustomCollectionViewDelegate.swift in Sources */,
				CEBE41F82606F87D00E370AB /* Lamp.swift in Sources */,
				CEE8120A260D86A800BB8DFD /* ColorItemCollectionViewDelegate.swift in Sources */,
				CE54A5742605E0F400352C46 /* SceneDelegate.swift in Sources */,
			);
			runOnlyForDeploymentPostprocessing = 0;
		};
		CE54A5802605E0F500352C46 /* Sources */ = {
			isa = PBXSourcesBuildPhase;
			buildActionMask = 2147483647;
			files = (
				CE54A5892605E0F500352C46 /* Smart_Home_AppTests.swift in Sources */,
			);
			runOnlyForDeploymentPostprocessing = 0;
		};
		CE54A58B2605E0F500352C46 /* Sources */ = {
			isa = PBXSourcesBuildPhase;
			buildActionMask = 2147483647;
			files = (
				CE54A5942605E0F500352C46 /* Smart_Home_AppUITests.swift in Sources */,
			);
			runOnlyForDeploymentPostprocessing = 0;
		};
/* End PBXSourcesBuildPhase section */

/* Begin PBXTargetDependency section */
		CE54A5862605E0F500352C46 /* PBXTargetDependency */ = {
			isa = PBXTargetDependency;
			target = CE54A56D2605E0F400352C46 /* Smart Home App */;
			targetProxy = CE54A5852605E0F500352C46 /* PBXContainerItemProxy */;
		};
		CE54A5912605E0F500352C46 /* PBXTargetDependency */ = {
			isa = PBXTargetDependency;
			target = CE54A56D2605E0F400352C46 /* Smart Home App */;
			targetProxy = CE54A5902605E0F500352C46 /* PBXContainerItemProxy */;
		};
/* End PBXTargetDependency section */

/* Begin PBXVariantGroup section */
		CE54A57C2605E0F500352C46 /* LaunchScreen.storyboard */ = {
			isa = PBXVariantGroup;
			children = (
				CE54A57D2605E0F500352C46 /* Base */,
			);
			name = LaunchScreen.storyboard;
			sourceTree = "<group>";
		};
/* End PBXVariantGroup section */

/* Begin XCBuildConfiguration section */
		CE54A5962605E0F500352C46 /* Debug */ = {
			isa = XCBuildConfiguration;
			buildSettings = {
				ALWAYS_SEARCH_USER_PATHS = NO;
				CLANG_ANALYZER_NONNULL = YES;
				CLANG_ANALYZER_NUMBER_OBJECT_CONVERSION = YES_AGGRESSIVE;
				CLANG_CXX_LANGUAGE_STANDARD = "gnu++14";
				CLANG_CXX_LIBRARY = "libc++";
				CLANG_ENABLE_MODULES = YES;
				CLANG_ENABLE_OBJC_ARC = YES;
				CLANG_ENABLE_OBJC_WEAK = YES;
				CLANG_WARN_BLOCK_CAPTURE_AUTORELEASING = YES;
				CLANG_WARN_BOOL_CONVERSION = YES;
				CLANG_WARN_COMMA = YES;
				CLANG_WARN_CONSTANT_CONVERSION = YES;
				CLANG_WARN_DEPRECATED_OBJC_IMPLEMENTATIONS = YES;
				CLANG_WARN_DIRECT_OBJC_ISA_USAGE = YES_ERROR;
				CLANG_WARN_DOCUMENTATION_COMMENTS = YES;
				CLANG_WARN_EMPTY_BODY = YES;
				CLANG_WARN_ENUM_CONVERSION = YES;
				CLANG_WARN_INFINITE_RECURSION = YES;
				CLANG_WARN_INT_CONVERSION = YES;
				CLANG_WARN_NON_LITERAL_NULL_CONVERSION = YES;
				CLANG_WARN_OBJC_IMPLICIT_RETAIN_SELF = YES;
				CLANG_WARN_OBJC_LITERAL_CONVERSION = YES;
				CLANG_WARN_OBJC_ROOT_CLASS = YES_ERROR;
				CLANG_WARN_QUOTED_INCLUDE_IN_FRAMEWORK_HEADER = YES;
				CLANG_WARN_RANGE_LOOP_ANALYSIS = YES;
				CLANG_WARN_STRICT_PROTOTYPES = YES;
				CLANG_WARN_SUSPICIOUS_MOVE = YES;
				CLANG_WARN_UNGUARDED_AVAILABILITY = YES_AGGRESSIVE;
				CLANG_WARN_UNREACHABLE_CODE = YES;
				CLANG_WARN__DUPLICATE_METHOD_MATCH = YES;
				COPY_PHASE_STRIP = NO;
				DEBUG_INFORMATION_FORMAT = dwarf;
				ENABLE_STRICT_OBJC_MSGSEND = YES;
				ENABLE_TESTABILITY = YES;
				GCC_C_LANGUAGE_STANDARD = gnu11;
				GCC_DYNAMIC_NO_PIC = NO;
				GCC_NO_COMMON_BLOCKS = YES;
				GCC_OPTIMIZATION_LEVEL = 0;
				GCC_PREPROCESSOR_DEFINITIONS = (
					"DEBUG=1",
					"$(inherited)",
				);
				GCC_WARN_64_TO_32_BIT_CONVERSION = YES;
				GCC_WARN_ABOUT_RETURN_TYPE = YES_ERROR;
				GCC_WARN_UNDECLARED_SELECTOR = YES;
				GCC_WARN_UNINITIALIZED_AUTOS = YES_AGGRESSIVE;
				GCC_WARN_UNUSED_FUNCTION = YES;
				GCC_WARN_UNUSED_VARIABLE = YES;
				IPHONEOS_DEPLOYMENT_TARGET = 14.1;
				MTL_ENABLE_DEBUG_INFO = INCLUDE_SOURCE;
				MTL_FAST_MATH = YES;
				ONLY_ACTIVE_ARCH = YES;
				SDKROOT = iphoneos;
				SWIFT_ACTIVE_COMPILATION_CONDITIONS = DEBUG;
				SWIFT_OPTIMIZATION_LEVEL = "-Onone";
			};
			name = Debug;
		};
		CE54A5972605E0F500352C46 /* Release */ = {
			isa = XCBuildConfiguration;
			buildSettings = {
				ALWAYS_SEARCH_USER_PATHS = NO;
				CLANG_ANALYZER_NONNULL = YES;
				CLANG_ANALYZER_NUMBER_OBJECT_CONVERSION = YES_AGGRESSIVE;
				CLANG_CXX_LANGUAGE_STANDARD = "gnu++14";
				CLANG_CXX_LIBRARY = "libc++";
				CLANG_ENABLE_MODULES = YES;
				CLANG_ENABLE_OBJC_ARC = YES;
				CLANG_ENABLE_OBJC_WEAK = YES;
				CLANG_WARN_BLOCK_CAPTURE_AUTORELEASING = YES;
				CLANG_WARN_BOOL_CONVERSION = YES;
				CLANG_WARN_COMMA = YES;
				CLANG_WARN_CONSTANT_CONVERSION = YES;
				CLANG_WARN_DEPRECATED_OBJC_IMPLEMENTATIONS = YES;
				CLANG_WARN_DIRECT_OBJC_ISA_USAGE = YES_ERROR;
				CLANG_WARN_DOCUMENTATION_COMMENTS = YES;
				CLANG_WARN_EMPTY_BODY = YES;
				CLANG_WARN_ENUM_CONVERSION = YES;
				CLANG_WARN_INFINITE_RECURSION = YES;
				CLANG_WARN_INT_CONVERSION = YES;
				CLANG_WARN_NON_LITERAL_NULL_CONVERSION = YES;
				CLANG_WARN_OBJC_IMPLICIT_RETAIN_SELF = YES;
				CLANG_WARN_OBJC_LITERAL_CONVERSION = YES;
				CLANG_WARN_OBJC_ROOT_CLASS = YES_ERROR;
				CLANG_WARN_QUOTED_INCLUDE_IN_FRAMEWORK_HEADER = YES;
				CLANG_WARN_RANGE_LOOP_ANALYSIS = YES;
				CLANG_WARN_STRICT_PROTOTYPES = YES;
				CLANG_WARN_SUSPICIOUS_MOVE = YES;
				CLANG_WARN_UNGUARDED_AVAILABILITY = YES_AGGRESSIVE;
				CLANG_WARN_UNREACHABLE_CODE = YES;
				CLANG_WARN__DUPLICATE_METHOD_MATCH = YES;
				COPY_PHASE_STRIP = NO;
				DEBUG_INFORMATION_FORMAT = "dwarf-with-dsym";
				ENABLE_NS_ASSERTIONS = NO;
				ENABLE_STRICT_OBJC_MSGSEND = YES;
				GCC_C_LANGUAGE_STANDARD = gnu11;
				GCC_NO_COMMON_BLOCKS = YES;
				GCC_WARN_64_TO_32_BIT_CONVERSION = YES;
				GCC_WARN_ABOUT_RETURN_TYPE = YES_ERROR;
				GCC_WARN_UNDECLARED_SELECTOR = YES;
				GCC_WARN_UNINITIALIZED_AUTOS = YES_AGGRESSIVE;
				GCC_WARN_UNUSED_FUNCTION = YES;
				GCC_WARN_UNUSED_VARIABLE = YES;
				IPHONEOS_DEPLOYMENT_TARGET = 14.1;
				MTL_ENABLE_DEBUG_INFO = NO;
				MTL_FAST_MATH = YES;
				SDKROOT = iphoneos;
				SWIFT_COMPILATION_MODE = wholemodule;
				SWIFT_OPTIMIZATION_LEVEL = "-O";
				VALIDATE_PRODUCT = YES;
			};
			name = Release;
		};
		CE54A5992605E0F500352C46 /* Debug */ = {
			isa = XCBuildConfiguration;
			buildSettings = {
				ASSETCATALOG_COMPILER_APPICON_NAME = AppIcon;
				ASSETCATALOG_COMPILER_GLOBAL_ACCENT_COLOR_NAME = AccentColor;
				CODE_SIGN_STYLE = Automatic;
				DEVELOPMENT_TEAM = DB9UTG3H5X;
				INFOPLIST_FILE = "Smart Home App/Resources/Info.plist";
				LD_RUNPATH_SEARCH_PATHS = (
					"$(inherited)",
					"@executable_path/Frameworks",
				);
				PRODUCT_BUNDLE_IDENTIFIER = "com.Lumko.Smart-Home-App";
				PRODUCT_NAME = "$(TARGET_NAME)";
				SWIFT_VERSION = 5.0;
				TARGETED_DEVICE_FAMILY = "1,2";
			};
			name = Debug;
		};
		CE54A59A2605E0F500352C46 /* Release */ = {
			isa = XCBuildConfiguration;
			buildSettings = {
				ASSETCATALOG_COMPILER_APPICON_NAME = AppIcon;
				ASSETCATALOG_COMPILER_GLOBAL_ACCENT_COLOR_NAME = AccentColor;
				CODE_SIGN_STYLE = Automatic;
				DEVELOPMENT_TEAM = DB9UTG3H5X;
				INFOPLIST_FILE = "Smart Home App/Resources/Info.plist";
				LD_RUNPATH_SEARCH_PATHS = (
					"$(inherited)",
					"@executable_path/Frameworks",
				);
				PRODUCT_BUNDLE_IDENTIFIER = "com.Lumko.Smart-Home-App";
				PRODUCT_NAME = "$(TARGET_NAME)";
				SWIFT_VERSION = 5.0;
				TARGETED_DEVICE_FAMILY = "1,2";
			};
			name = Release;
		};
		CE54A59C2605E0F500352C46 /* Debug */ = {
			isa = XCBuildConfiguration;
			buildSettings = {
				ALWAYS_EMBED_SWIFT_STANDARD_LIBRARIES = YES;
				BUNDLE_LOADER = "$(TEST_HOST)";
				CODE_SIGN_STYLE = Automatic;
				DEVELOPMENT_TEAM = DB9UTG3H5X;
				INFOPLIST_FILE = "Smart Home AppTests/Info.plist";
				IPHONEOS_DEPLOYMENT_TARGET = 14.1;
				LD_RUNPATH_SEARCH_PATHS = (
					"$(inherited)",
					"@executable_path/Frameworks",
					"@loader_path/Frameworks",
				);
				PRODUCT_BUNDLE_IDENTIFIER = "com.Lumko.Smart-Home-AppTests";
				PRODUCT_NAME = "$(TARGET_NAME)";
				SWIFT_VERSION = 5.0;
				TARGETED_DEVICE_FAMILY = "1,2";
				TEST_HOST = "$(BUILT_PRODUCTS_DIR)/Smart Home App.app/Smart Home App";
			};
			name = Debug;
		};
		CE54A59D2605E0F500352C46 /* Release */ = {
			isa = XCBuildConfiguration;
			buildSettings = {
				ALWAYS_EMBED_SWIFT_STANDARD_LIBRARIES = YES;
				BUNDLE_LOADER = "$(TEST_HOST)";
				CODE_SIGN_STYLE = Automatic;
				DEVELOPMENT_TEAM = DB9UTG3H5X;
				INFOPLIST_FILE = "Smart Home AppTests/Info.plist";
				IPHONEOS_DEPLOYMENT_TARGET = 14.1;
				LD_RUNPATH_SEARCH_PATHS = (
					"$(inherited)",
					"@executable_path/Frameworks",
					"@loader_path/Frameworks",
				);
				PRODUCT_BUNDLE_IDENTIFIER = "com.Lumko.Smart-Home-AppTests";
				PRODUCT_NAME = "$(TARGET_NAME)";
				SWIFT_VERSION = 5.0;
				TARGETED_DEVICE_FAMILY = "1,2";
				TEST_HOST = "$(BUILT_PRODUCTS_DIR)/Smart Home App.app/Smart Home App";
			};
			name = Release;
		};
		CE54A59F2605E0F500352C46 /* Debug */ = {
			isa = XCBuildConfiguration;
			buildSettings = {
				ALWAYS_EMBED_SWIFT_STANDARD_LIBRARIES = YES;
				CODE_SIGN_STYLE = Automatic;
				DEVELOPMENT_TEAM = DB9UTG3H5X;
				INFOPLIST_FILE = "Smart Home AppUITests/Info.plist";
				LD_RUNPATH_SEARCH_PATHS = (
					"$(inherited)",
					"@executable_path/Frameworks",
					"@loader_path/Frameworks",
				);
				PRODUCT_BUNDLE_IDENTIFIER = "com.Lumko.Smart-Home-AppUITests";
				PRODUCT_NAME = "$(TARGET_NAME)";
				SWIFT_VERSION = 5.0;
				TARGETED_DEVICE_FAMILY = "1,2";
				TEST_TARGET_NAME = "Smart Home App";
			};
			name = Debug;
		};
		CE54A5A02605E0F500352C46 /* Release */ = {
			isa = XCBuildConfiguration;
			buildSettings = {
				ALWAYS_EMBED_SWIFT_STANDARD_LIBRARIES = YES;
				CODE_SIGN_STYLE = Automatic;
				DEVELOPMENT_TEAM = DB9UTG3H5X;
				INFOPLIST_FILE = "Smart Home AppUITests/Info.plist";
				LD_RUNPATH_SEARCH_PATHS = (
					"$(inherited)",
					"@executable_path/Frameworks",
					"@loader_path/Frameworks",
				);
				PRODUCT_BUNDLE_IDENTIFIER = "com.Lumko.Smart-Home-AppUITests";
				PRODUCT_NAME = "$(TARGET_NAME)";
				SWIFT_VERSION = 5.0;
				TARGETED_DEVICE_FAMILY = "1,2";
				TEST_TARGET_NAME = "Smart Home App";
			};
			name = Release;
		};
/* End XCBuildConfiguration section */

/* Begin XCConfigurationList section */
		CE54A5692605E0F400352C46 /* Build configuration list for PBXProject "Smart Home App" */ = {
			isa = XCConfigurationList;
			buildConfigurations = (
				CE54A5962605E0F500352C46 /* Debug */,
				CE54A5972605E0F500352C46 /* Release */,
			);
			defaultConfigurationIsVisible = 0;
			defaultConfigurationName = Release;
		};
		CE54A5982605E0F500352C46 /* Build configuration list for PBXNativeTarget "Smart Home App" */ = {
			isa = XCConfigurationList;
			buildConfigurations = (
				CE54A5992605E0F500352C46 /* Debug */,
				CE54A59A2605E0F500352C46 /* Release */,
			);
			defaultConfigurationIsVisible = 0;
			defaultConfigurationName = Release;
		};
		CE54A59B2605E0F500352C46 /* Build configuration list for PBXNativeTarget "Smart Home AppTests" */ = {
			isa = XCConfigurationList;
			buildConfigurations = (
				CE54A59C2605E0F500352C46 /* Debug */,
				CE54A59D2605E0F500352C46 /* Release */,
			);
			defaultConfigurationIsVisible = 0;
			defaultConfigurationName = Release;
		};
		CE54A59E2605E0F500352C46 /* Build configuration list for PBXNativeTarget "Smart Home AppUITests" */ = {
			isa = XCConfigurationList;
			buildConfigurations = (
				CE54A59F2605E0F500352C46 /* Debug */,
				CE54A5A02605E0F500352C46 /* Release */,
			);
			defaultConfigurationIsVisible = 0;
			defaultConfigurationName = Release;
		};
/* End XCConfigurationList section */
	};
	rootObject = CE54A5662605E0F400352C46 /* Project object */;
}
